
Microsoft Visual Studio Solution File, Format Version 12.00
# Visual Studio Version 16
VisualStudioVersion = 16.0.32407.337
MinimumVisualStudioVersion = 10.0.40219.1
Project("{FAE04EC0-301F-11D3-BF4B-00C04F79EFBC}") = "EFCore", "EFCore\EFCore.csproj", "{EC460C31-C74E-4A1B-A383-6A3E8E94B7FF}"
EndProject
Global
	GlobalSection(SolutionConfigurationPlatforms) = preSolution
		Debug|Any CPU = Debug|Any CPU
		Release|Any CPU = Release|Any CPU
	EndGlobalSection
	GlobalSection(ProjectConfigurationPlatforms) = postSolution
		{EC460C31-C74E-4A1B-A383-6A3E8E94B7FF}.Debug|Any CPU.ActiveCfg = Debug|Any CPU
		{EC460C31-C74E-4A1B-A383-6A3E8E94B7FF}.Debug|Any CPU.Build.0 = Debug|Any CPU
		{EC460C31-C74E-4A1B-A383-6A3E8E94B7FF}.Release|Any CPU.ActiveCfg = Release|Any CPU
		{EC460C31-C74E-4A1B-A383-6A3E8E94B7FF}.Release|Any CPU.Build.0 = Release|Any CPU
	EndGlobalSection
	GlobalSection(SolutionProperties) = preSolution
		HideSolutionNode = FALSE
	EndGlobalSection
	GlobalSection(ExtensibilityGlobals) = postSolution
		SolutionGuid = {3E18557B-EF1A-4BDA-A01D-2DEBE1ED4200}
	EndGlobalSection
EndGlobal
